
Microsoft Visual Studio Solution File, Format Version 12.00
# Visual Studio Version 17
VisualStudioVersion = 17.0.31903.59
MinimumVisualStudioVersion = 10.0.40219.1
Project("{2150E333-8FDC-42A3-9474-1A3956D46DE8}") = "src", "src", "{827E0CD3-B72D-47B6-A68D-7590B98EB39B}"
EndProject
Project("{FAE04EC0-301F-11D3-BF4B-00C04F79EFBC}") = "HeyDav.Domain", "src\HeyDav.Domain\HeyDav.Domain.csproj", "{5769E56D-D793-4EB3-B2CD-1EB8D4166535}"
EndProject
Project("{FAE04EC0-301F-11D3-BF4B-00C04F79EFBC}") = "HeyDav.Application", "src\HeyDav.Application\HeyDav.Application.csproj", "{7EF20329-809F-4994-8A63-1D7CE9B4D412}"
EndProject
Project("{FAE04EC0-301F-11D3-BF4B-00C04F79EFBC}") = "HeyDav.Infrastructure", "src\HeyDav.Infrastructure\HeyDav.Infrastructure.csproj", "{72BA29A7-1095-4089-8BF1-495A8B74CC11}"
EndProject
Project("{FAE04EC0-301F-11D3-BF4B-00C04F79EFBC}") = "HeyDav.Desktop", "src\HeyDav.Desktop\HeyDav.Desktop.csproj", "{FCFEA865-4188-486C-B06A-156996317C30}"
EndProject
Project("{2150E333-8FDC-42A3-9474-1A3956D46DE8}") = "tests", "tests", "{0AB3BF05-4346-4AA6-1389-037BE0695223}"
EndProject
Project("{FAE04EC0-301F-11D3-BF4B-00C04F79EFBC}") = "HeyDav.Domain.Tests", "tests\HeyDav.Domain.Tests\HeyDav.Domain.Tests.csproj", "{DB16CB89-E762-4E87-A6E6-93788C4DE97C}"
EndProject
Project("{FAE04EC0-301F-11D3-BF4B-00C04F79EFBC}") = "HeyDav.Application.Tests", "tests\HeyDav.Application.Tests\HeyDav.Application.Tests.csproj", "{C2D8D37A-C48A-44D8-B882-C3F714E608C9}"
EndProject
Project("{FAE04EC0-301F-11D3-BF4B-00C04F79EFBC}") = "HeyDav.Infrastructure.Tests", "tests\HeyDav.Infrastructure.Tests\HeyDav.Infrastructure.Tests.csproj", "{3A53FD7B-548A-4407-AEDA-EBF5487AD944}"
EndProject
Project("{FAE04EC0-301F-11D3-BF4B-00C04F79EFBC}") = "HeyDav.Cli", "src\HeyDav.Cli\HeyDav.Cli.csproj", "{794A1B5B-1DD0-4DE3-9F77-081AA9C41A36}"
EndProject
Project("{FAE04EC0-301F-11D3-BF4B-00C04F79EFBC}") = "HeyDav.Api", "src\HeyDav.Api\HeyDav.Api.csproj", "{3BFF9E62-2B9E-41CD-9249-3408F2299DB5}"
EndProject
Global
	GlobalSection(SolutionConfigurationPlatforms) = preSolution
		Debug|Any CPU = Debug|Any CPU
		Debug|x64 = Debug|x64
		Debug|x86 = Debug|x86
		Release|Any CPU = Release|Any CPU
		Release|x64 = Release|x64
		Release|x86 = Release|x86
	EndGlobalSection
	GlobalSection(ProjectConfigurationPlatforms) = postSolution
		{5769E56D-D793-4EB3-B2CD-1EB8D4166535}.Debug|Any CPU.ActiveCfg = Debug|Any CPU
		{5769E56D-D793-4EB3-B2CD-1EB8D4166535}.Debug|Any CPU.Build.0 = Debug|Any CPU
		{5769E56D-D793-4EB3-B2CD-1EB8D4166535}.Debug|x64.ActiveCfg = Debug|Any CPU
		{5769E56D-D793-4EB3-B2CD-1EB8D4166535}.Debug|x64.Build.0 = Debug|Any CPU
		{5769E56D-D793-4EB3-B2CD-1EB8D4166535}.Debug|x86.ActiveCfg = Debug|Any CPU
		{5769E56D-D793-4EB3-B2CD-1EB8D4166535}.Debug|x86.Build.0 = Debug|Any CPU
		{5769E56D-D793-4EB3-B2CD-1EB8D4166535}.Release|Any CPU.ActiveCfg = Release|Any CPU
		{5769E56D-D793-4EB3-B2CD-1EB8D4166535}.Release|Any CPU.Build.0 = Release|Any CPU
		{5769E56D-D793-4EB3-B2CD-1EB8D4166535}.Release|x64.ActiveCfg = Release|Any CPU
		{5769E56D-D793-4EB3-B2CD-1EB8D4166535}.Release|x64.Build.0 = Release|Any CPU
		{5769E56D-D793-4EB3-B2CD-1EB8D4166535}.Release|x86.ActiveCfg = Release|Any CPU
		{5769E56D-D793-4EB3-B2CD-1EB8D4166535}.Release|x86.Build.0 = Release|Any CPU
		{7EF20329-809F-4994-8A63-1D7CE9B4D412}.Debug|Any CPU.ActiveCfg = Debug|Any CPU
		{7EF20329-809F-4994-8A63-1D7CE9B4D412}.Debug|Any CPU.Build.0 = Debug|Any CPU
		{7EF20329-809F-4994-8A63-1D7CE9B4D412}.Debug|x64.ActiveCfg = Debug|Any CPU
		{7EF20329-809F-4994-8A63-1D7CE9B4D412}.Debug|x64.Build.0 = Debug|Any CPU
		{7EF20329-809F-4994-8A63-1D7CE9B4D412}.Debug|x86.ActiveCfg = Debug|Any CPU
		{7EF20329-809F-4994-8A63-1D7CE9B4D412}.Debug|x86.Build.0 = Debug|Any CPU
		{7EF20329-809F-4994-8A63-1D7CE9B4D412}.Release|Any CPU.ActiveCfg = Release|Any CPU
		{7EF20329-809F-4994-8A63-1D7CE9B4D412}.Release|Any CPU.Build.0 = Release|Any CPU
		{7EF20329-809F-4994-8A63-1D7CE9B4D412}.Release|x64.ActiveCfg = Release|Any CPU
		{7EF20329-809F-4994-8A63-1D7CE9B4D412}.Release|x64.Build.0 = Release|Any CPU
		{7EF20329-809F-4994-8A63-1D7CE9B4D412}.Release|x86.ActiveCfg = Release|Any CPU
		{7EF20329-809F-4994-8A63-1D7CE9B4D412}.Release|x86.Build.0 = Release|Any CPU
		{72BA29A7-1095-4089-8BF1-495A8B74CC11}.Debug|Any CPU.ActiveCfg = Debug|Any CPU
		{72BA29A7-1095-4089-8BF1-495A8B74CC11}.Debug|Any CPU.Build.0 = Debug|Any CPU
		{72BA29A7-1095-4089-8BF1-495A8B74CC11}.Debug|x64.ActiveCfg = Debug|Any CPU
		{72BA29A7-1095-4089-8BF1-495A8B74CC11}.Debug|x64.Build.0 = Debug|Any CPU
		{72BA29A7-1095-4089-8BF1-495A8B74CC11}.Debug|x86.ActiveCfg = Debug|Any CPU
		{72BA29A7-1095-4089-8BF1-495A8B74CC11}.Debug|x86.Build.0 = Debug|Any CPU
		{72BA29A7-1095-4089-8BF1-495A8B74CC11}.Release|Any CPU.ActiveCfg = Release|Any CPU
		{72BA29A7-1095-4089-8BF1-495A8B74CC11}.Release|Any CPU.Build.0 = Release|Any CPU
		{72BA29A7-1095-4089-8BF1-495A8B74CC11}.Release|x64.ActiveCfg = Release|Any CPU
		{72BA29A7-1095-4089-8BF1-495A8B74CC11}.Release|x64.Build.0 = Release|Any CPU
		{72BA29A7-1095-4089-8BF1-495A8B74CC11}.Release|x86.ActiveCfg = Release|Any CPU
		{72BA29A7-1095-4089-8BF1-495A8B74CC11}.Release|x86.Build.0 = Release|Any CPU
		{FCFEA865-4188-486C-B06A-156996317C30}.Debug|Any CPU.ActiveCfg = Debug|Any CPU
		{FCFEA865-4188-486C-B06A-156996317C30}.Debug|Any CPU.Build.0 = Debug|Any CPU
		{FCFEA865-4188-486C-B06A-156996317C30}.Debug|x64.ActiveCfg = Debug|Any CPU
		{FCFEA865-4188-486C-B06A-156996317C30}.Debug|x64.Build.0 = Debug|Any CPU
		{FCFEA865-4188-486C-B06A-156996317C30}.Debug|x86.ActiveCfg = Debug|Any CPU
		{FCFEA865-4188-486C-B06A-156996317C30}.Debug|x86.Build.0 = Debug|Any CPU
		{FCFEA865-4188-486C-B06A-156996317C30}.Release|Any CPU.ActiveCfg = Release|Any CPU
		{FCFEA865-4188-486C-B06A-156996317C30}.Release|Any CPU.Build.0 = Release|Any CPU
		{FCFEA865-4188-486C-B06A-156996317C30}.Release|x64.ActiveCfg = Release|Any CPU
		{FCFEA865-4188-486C-B06A-156996317C30}.Release|x64.Build.0 = Release|Any CPU
		{FCFEA865-4188-486C-B06A-156996317C30}.Release|x86.ActiveCfg = Release|Any CPU
		{FCFEA865-4188-486C-B06A-156996317C30}.Release|x86.Build.0 = Release|Any CPU
		{DB16CB89-E762-4E87-A6E6-93788C4DE97C}.Debug|Any CPU.ActiveCfg = Debug|Any CPU
		{DB16CB89-E762-4E87-A6E6-93788C4DE97C}.Debug|Any CPU.Build.0 = Debug|Any CPU
		{DB16CB89-E762-4E87-A6E6-93788C4DE97C}.Debug|x64.ActiveCfg = Debug|Any CPU
		{DB16CB89-E762-4E87-A6E6-93788C4DE97C}.Debug|x64.Build.0 = Debug|Any CPU
		{DB16CB89-E762-4E87-A6E6-93788C4DE97C}.Debug|x86.ActiveCfg = Debug|Any CPU
		{DB16CB89-E762-4E87-A6E6-93788C4DE97C}.Debug|x86.Build.0 = Debug|Any CPU
		{DB16CB89-E762-4E87-A6E6-93788C4DE97C}.Release|Any CPU.ActiveCfg = Release|Any CPU
		{DB16CB89-E762-4E87-A6E6-93788C4DE97C}.Release|Any CPU.Build.0 = Release|Any CPU
		{DB16CB89-E762-4E87-A6E6-93788C4DE97C}.Release|x64.ActiveCfg = Release|Any CPU
		{DB16CB89-E762-4E87-A6E6-93788C4DE97C}.Release|x64.Build.0 = Release|Any CPU
		{DB16CB89-E762-4E87-A6E6-93788C4DE97C}.Release|x86.ActiveCfg = Release|Any CPU
		{DB16CB89-E762-4E87-A6E6-93788C4DE97C}.Release|x86.Build.0 = Release|Any CPU
		{C2D8D37A-C48A-44D8-B882-C3F714E608C9}.Debug|Any CPU.ActiveCfg = Debug|Any CPU
		{C2D8D37A-C48A-44D8-B882-C3F714E608C9}.Debug|Any CPU.Build.0 = Debug|Any CPU
		{C2D8D37A-C48A-44D8-B882-C3F714E608C9}.Debug|x64.ActiveCfg = Debug|Any CPU
		{C2D8D37A-C48A-44D8-B882-C3F714E608C9}.Debug|x64.Build.0 = Debug|Any CPU
		{C2D8D37A-C48A-44D8-B882-C3F714E608C9}.Debug|x86.ActiveCfg = Debug|Any CPU
		{C2D8D37A-C48A-44D8-B882-C3F714E608C9}.Debug|x86.Build.0 = Debug|Any CPU
		{C2D8D37A-C48A-44D8-B882-C3F714E608C9}.Release|Any CPU.ActiveCfg = Release|Any CPU
		{C2D8D37A-C48A-44D8-B882-C3F714E608C9}.Release|Any CPU.Build.0 = Release|Any CPU
		{C2D8D37A-C48A-44D8-B882-C3F714E608C9}.Release|x64.ActiveCfg = Release|Any CPU
		{C2D8D37A-C48A-44D8-B882-C3F714E608C9}.Release|x64.Build.0 = Release|Any CPU
		{C2D8D37A-C48A-44D8-B882-C3F714E608C9}.Release|x86.ActiveCfg = Release|Any CPU
		{C2D8D37A-C48A-44D8-B882-C3F714E608C9}.Release|x86.Build.0 = Release|Any CPU
		{3A53FD7B-548A-4407-AEDA-EBF5487AD944}.Debug|Any CPU.ActiveCfg = Debug|Any CPU
		{3A53FD7B-548A-4407-AEDA-EBF5487AD944}.Debug|Any CPU.Build.0 = Debug|Any CPU
		{3A53FD7B-548A-4407-AEDA-EBF5487AD944}.Debug|x64.ActiveCfg = Debug|Any CPU
		{3A53FD7B-548A-4407-AEDA-EBF5487AD944}.Debug|x64.Build.0 = Debug|Any CPU
		{3A53FD7B-548A-4407-AEDA-EBF5487AD944}.Debug|x86.ActiveCfg = Debug|Any CPU
		{3A53FD7B-548A-4407-AEDA-EBF5487AD944}.Debug|x86.Build.0 = Debug|Any CPU
		{3A53FD7B-548A-4407-AEDA-EBF5487AD944}.Release|Any CPU.ActiveCfg = Release|Any CPU
		{3A53FD7B-548A-4407-AEDA-EBF5487AD944}.Release|Any CPU.Build.0 = Release|Any CPU
		{3A53FD7B-548A-4407-AEDA-EBF5487AD944}.Release|x64.ActiveCfg = Release|Any CPU
		{3A53FD7B-548A-4407-AEDA-EBF5487AD944}.Release|x64.Build.0 = Release|Any CPU
		{3A53FD7B-548A-4407-AEDA-EBF5487AD944}.Release|x86.ActiveCfg = Release|Any CPU
		{3A53FD7B-548A-4407-AEDA-EBF5487AD944}.Release|x86.Build.0 = Release|Any CPU
		{794A1B5B-1DD0-4DE3-9F77-081AA9C41A36}.Debug|Any CPU.ActiveCfg = Debug|Any CPU
		{794A1B5B-1DD0-4DE3-9F77-081AA9C41A36}.Debug|Any CPU.Build.0 = Debug|Any CPU
		{794A1B5B-1DD0-4DE3-9F77-081AA9C41A36}.Debug|x64.ActiveCfg = Debug|Any CPU
		{794A1B5B-1DD0-4DE3-9F77-081AA9C41A36}.Debug|x64.Build.0 = Debug|Any CPU
		{794A1B5B-1DD0-4DE3-9F77-081AA9C41A36}.Debug|x86.ActiveCfg = Debug|Any CPU
		{794A1B5B-1DD0-4DE3-9F77-081AA9C41A36}.Debug|x86.Build.0 = Debug|Any CPU
		{794A1B5B-1DD0-4DE3-9F77-081AA9C41A36}.Release|Any CPU.ActiveCfg = Release|Any CPU
		{794A1B5B-1DD0-4DE3-9F77-081AA9C41A36}.Release|Any CPU.Build.0 = Release|Any CPU
		{794A1B5B-1DD0-4DE3-9F77-081AA9C41A36}.Release|x64.ActiveCfg = Release|Any CPU
		{794A1B5B-1DD0-4DE3-9F77-081AA9C41A36}.Release|x64.Build.0 = Release|Any CPU
		{794A1B5B-1DD0-4DE3-9F77-081AA9C41A36}.Release|x86.ActiveCfg = Release|Any CPU
		{794A1B5B-1DD0-4DE3-9F77-081AA9C41A36}.Release|x86.Build.0 = Release|Any CPU
		{3BFF9E62-2B9E-41CD-9249-3408F2299DB5}.Debug|Any CPU.ActiveCfg = Debug|Any CPU
		{3BFF9E62-2B9E-41CD-9249-3408F2299DB5}.Debug|Any CPU.Build.0 = Debug|Any CPU
		{3BFF9E62-2B9E-41CD-9249-3408F2299DB5}.Debug|x64.ActiveCfg = Debug|Any CPU
		{3BFF9E62-2B9E-41CD-9249-3408F2299DB5}.Debug|x64.Build.0 = Debug|Any CPU
		{3BFF9E62-2B9E-41CD-9249-3408F2299DB5}.Debug|x86.ActiveCfg = Debug|Any CPU
		{3BFF9E62-2B9E-41CD-9249-3408F2299DB5}.Debug|x86.Build.0 = Debug|Any CPU
		{3BFF9E62-2B9E-41CD-9249-3408F2299DB5}.Release|Any CPU.ActiveCfg = Release|Any CPU
		{3BFF9E62-2B9E-41CD-9249-3408F2299DB5}.Release|Any CPU.Build.0 = Release|Any CPU
		{3BFF9E62-2B9E-41CD-9249-3408F2299DB5}.Release|x64.ActiveCfg = Release|Any CPU
		{3BFF9E62-2B9E-41CD-9249-3408F2299DB5}.Release|x64.Build.0 = Release|Any CPU
		{3BFF9E62-2B9E-41CD-9249-3408F2299DB5}.Release|x86.ActiveCfg = Release|Any CPU
		{3BFF9E62-2B9E-41CD-9249-3408F2299DB5}.Release|x86.Build.0 = Release|Any CPU
	EndGlobalSection
	GlobalSection(SolutionProperties) = preSolution
		HideSolutionNode = FALSE
	EndGlobalSection
	GlobalSection(NestedProjects) = preSolution
		{5769E56D-D793-4EB3-B2CD-1EB8D4166535} = {827E0CD3-B72D-47B6-A68D-7590B98EB39B}
		{7EF20329-809F-4994-8A63-1D7CE9B4D412} = {827E0CD3-B72D-47B6-A68D-7590B98EB39B}
		{72BA29A7-1095-4089-8BF1-495A8B74CC11} = {827E0CD3-B72D-47B6-A68D-7590B98EB39B}
		{FCFEA865-4188-486C-B06A-156996317C30} = {827E0CD3-B72D-47B6-A68D-7590B98EB39B}
		{DB16CB89-E762-4E87-A6E6-93788C4DE97C} = {0AB3BF05-4346-4AA6-1389-037BE0695223}
		{C2D8D37A-C48A-44D8-B882-C3F714E608C9} = {0AB3BF05-4346-4AA6-1389-037BE0695223}
		{3A53FD7B-548A-4407-AEDA-EBF5487AD944} = {0AB3BF05-4346-4AA6-1389-037BE0695223}
		{794A1B5B-1DD0-4DE3-9F77-081AA9C41A36} = {827E0CD3-B72D-47B6-A68D-7590B98EB39B}
		{3BFF9E62-2B9E-41CD-9249-3408F2299DB5} = {827E0CD3-B72D-47B6-A68D-7590B98EB39B}
	EndGlobalSection
EndGlobal
